
Microsoft Visual Studio Solution File, Format Version 12.00
# Visual Studio Version 16
VisualStudioVersion = 16.0.30907.101
MinimumVisualStudioVersion = 10.0.40219.1
Project("{FAE04EC0-301F-11D3-BF4B-00C04F79EFBC}") = "ConsoleApp1", "ConsoleApp1\ConsoleApp1.csproj", "{244217F1-C744-4CA7-A030-9C719EF3B925}"
EndProject
Global
	GlobalSection(SolutionConfigurationPlatforms) = preSolution
		Debug|Any CPU = Debug|Any CPU
		Release|Any CPU = Release|Any CPU
	EndGlobalSection
	GlobalSection(ProjectConfigurationPlatforms) = postSolution
		{244217F1-C744-4CA7-A030-9C719EF3B925}.Debug|Any CPU.ActiveCfg = Debug|Any CPU
		{244217F1-C744-4CA7-A030-9C719EF3B925}.Debug|Any CPU.Build.0 = Debug|Any CPU
		{244217F1-C744-4CA7-A030-9C719EF3B925}.Release|Any CPU.ActiveCfg = Release|Any CPU
		{244217F1-C744-4CA7-A030-9C719EF3B925}.Release|Any CPU.Build.0 = Release|Any CPU
	EndGlobalSection
	GlobalSection(SolutionProperties) = preSolution
		HideSolutionNode = FALSE
	EndGlobalSection
	GlobalSection(ExtensibilityGlobals) = postSolution
		SolutionGuid = {2AB9D8F6-94C5-499E-89B9-23458DD0829C}
	EndGlobalSection
EndGlobal
